
Microsoft Visual Studio Solution File, Format Version 9.00
# Visual Studio 2005
Project("{F184B08F-C81C-45F6-A57F-5ABD9991F28F}") = "LabSys", "LabSys\LabSys.vbproj", "{0ED67C7B-3D78-4B32-B617-05A3DF9BE01F}"
EndProject
Project("{54435603-DBB4-11D2-8724-00A0C9A8B90C}") = "desarrollo", "desarrollo\desarrollo.vdproj", "{D7E9E9DD-E0F7-436E-BA3A-1D8291CEE811}"
EndProject
Global
	GlobalSection(SolutionConfigurationPlatforms) = preSolution
		Debug|Any CPU = Debug|Any CPU
		Debug|x86 = Debug|x86
		Release|Any CPU = Release|Any CPU
		Release|x86 = Release|x86
	EndGlobalSection
	GlobalSection(ProjectConfigurationPlatforms) = postSolution
		{0ED67C7B-3D78-4B32-B617-05A3DF9BE01F}.Debug|Any CPU.ActiveCfg = Debug|Any CPU
		{0ED67C7B-3D78-4B32-B617-05A3DF9BE01F}.Debug|Any CPU.Build.0 = Debug|Any CPU
		{0ED67C7B-3D78-4B32-B617-05A3DF9BE01F}.Debug|x86.ActiveCfg = Debug|x86
		{0ED67C7B-3D78-4B32-B617-05A3DF9BE01F}.Debug|x86.Build.0 = Debug|x86
		{0ED67C7B-3D78-4B32-B617-05A3DF9BE01F}.Release|Any CPU.ActiveCfg = Release|Any CPU
		{0ED67C7B-3D78-4B32-B617-05A3DF9BE01F}.Release|Any CPU.Build.0 = Release|Any CPU
		{0ED67C7B-3D78-4B32-B617-05A3DF9BE01F}.Release|x86.ActiveCfg = Release|x86
		{0ED67C7B-3D78-4B32-B617-05A3DF9BE01F}.Release|x86.Build.0 = Release|x86
		{D7E9E9DD-E0F7-436E-BA3A-1D8291CEE811}.Debug|Any CPU.ActiveCfg = Debug
		{D7E9E9DD-E0F7-436E-BA3A-1D8291CEE811}.Debug|x86.ActiveCfg = Debug
		{D7E9E9DD-E0F7-436E-BA3A-1D8291CEE811}.Debug|x86.Build.0 = Debug
		{D7E9E9DD-E0F7-436E-BA3A-1D8291CEE811}.Release|Any CPU.ActiveCfg = Release
		{D7E9E9DD-E0F7-436E-BA3A-1D8291CEE811}.Release|x86.ActiveCfg = Release
		{D7E9E9DD-E0F7-436E-BA3A-1D8291CEE811}.Release|x86.Build.0 = Release
	EndGlobalSection
	GlobalSection(SolutionProperties) = preSolution
		HideSolutionNode = FALSE
	EndGlobalSection
EndGlobal
